// !$*UTF8*$!
{
	archiveVersion = 1;
	classes = {
	};
	objectVersion = 55;
	objects = {

/* Begin PBXBuildFile section */
		F684856328C52F75005ABF22 /* AppDelegate.swift in Sources */ = {isa = PBXBuildFile; fileRef = F684856228C52F75005ABF22 /* AppDelegate.swift */; };
		F684856528C52F75005ABF22 /* SceneDelegate.swift in Sources */ = {isa = PBXBuildFile; fileRef = F684856428C52F75005ABF22 /* SceneDelegate.swift */; };
		F684856728C52F75005ABF22 /* ViewController.swift in Sources */ = {isa = PBXBuildFile; fileRef = F684856628C52F75005ABF22 /* ViewController.swift */; };
		F684856A28C52F75005ABF22 /* Main.storyboard in Resources */ = {isa = PBXBuildFile; fileRef = F684856828C52F75005ABF22 /* Main.storyboard */; };
		F684856C28C52F76005ABF22 /* Assets.xcassets in Resources */ = {isa = PBXBuildFile; fileRef = F684856B28C52F76005ABF22 /* Assets.xcassets */; };
		F684856F28C52F76005ABF22 /* LaunchScreen.storyboard in Resources */ = {isa = PBXBuildFile; fileRef = F684856D28C52F76005ABF22 /* LaunchScreen.storyboard */; };
		F684857728C5D901005ABF22 /* postRequest.swift in Sources */ = {isa = PBXBuildFile; fileRef = F684857628C5D901005ABF22 /* postRequest.swift */; };
		F684857928C5DF18005ABF22 /* postAPITest.swift in Sources */ = {isa = PBXBuildFile; fileRef = F684857828C5DF18005ABF22 /* postAPITest.swift */; };
		F684857B28C60DDF005ABF22 /* userResponse.swift in Sources */ = {isa = PBXBuildFile; fileRef = F684857A28C60DDF005ABF22 /* userResponse.swift */; };
		F684857D28C61325005ABF22 /* getSunriseSunset.swift in Sources */ = {isa = PBXBuildFile; fileRef = F684857C28C61325005ABF22 /* getSunriseSunset.swift */; };
		F684857F28C61BA3005ABF22 /* postUserToken.swift in Sources */ = {isa = PBXBuildFile; fileRef = F684857E28C61BA3005ABF22 /* postUserToken.swift */; };
		F684858128C62A3E005ABF22 /* getUserInfo.swift in Sources */ = {isa = PBXBuildFile; fileRef = F684858028C62A3E005ABF22 /* getUserInfo.swift */; };
/* End PBXBuildFile section */

/* Begin PBXFileReference section */
		F684855F28C52F75005ABF22 /* apiQuates.app */ = {isa = PBXFileReference; explicitFileType = wrapper.application; includeInIndex = 0; path = apiQuates.app; sourceTree = BUILT_PRODUCTS_DIR; };
		F684856228C52F75005ABF22 /* AppDelegate.swift */ = {isa = PBXFileReference; lastKnownFileType = sourcecode.swift; path = AppDelegate.swift; sourceTree = "<group>"; };
		F684856428C52F75005ABF22 /* SceneDelegate.swift */ = {isa = PBXFileReference; lastKnownFileType = sourcecode.swift; path = SceneDelegate.swift; sourceTree = "<group>"; };
		F684856628C52F75005ABF22 /* ViewController.swift */ = {isa = PBXFileReference; lastKnownFileType = sourcecode.swift; path = ViewController.swift; sourceTree = "<group>"; };
		F684856928C52F75005ABF22 /* Base */ = {isa = PBXFileReference; lastKnownFileType = file.storyboard; name = Base; path = Base.lproj/Main.storyboard; sourceTree = "<group>"; };
		F684856B28C52F76005ABF22 /* Assets.xcassets */ = {isa = PBXFileReference; lastKnownFileType = folder.assetcatalog; path = Assets.xcassets; sourceTree = "<group>"; };
		F684856E28C52F76005ABF22 /* Base */ = {isa = PBXFileReference; lastKnownFileType = file.storyboard; name = Base; path = Base.lproj/LaunchScreen.storyboard; sourceTree = "<group>"; };
		F684857028C52F76005ABF22 /* Info.plist */ = {isa = PBXFileReference; lastKnownFileType = text.plist.xml; path = Info.plist; sourceTree = "<group>"; };
		F684857628C5D901005ABF22 /* postRequest.swift */ = {isa = PBXFileReference; lastKnownFileType = sourcecode.swift; path = postRequest.swift; sourceTree = "<group>"; };
		F684857828C5DF18005ABF22 /* postAPITest.swift */ = {isa = PBXFileReference; lastKnownFileType = sourcecode.swift; path = postAPITest.swift; sourceTree = "<group>"; };
		F684857A28C60DDF005ABF22 /* userResponse.swift */ = {isa = PBXFileReference; lastKnownFileType = sourcecode.swift; path = userResponse.swift; sourceTree = "<group>"; };
		F684857C28C61325005ABF22 /* getSunriseSunset.swift */ = {isa = PBXFileReference; lastKnownFileType = sourcecode.swift; path = getSunriseSunset.swift; sourceTree = "<group>"; };
		F684857E28C61BA3005ABF22 /* postUserToken.swift */ = {isa = PBXFileReference; lastKnownFileType = sourcecode.swift; path = postUserToken.swift; sourceTree = "<group>"; };
		F684858028C62A3E005ABF22 /* getUserInfo.swift */ = {isa = PBXFileReference; lastKnownFileType = sourcecode.swift; path = getUserInfo.swift; sourceTree = "<group>"; };
/* End PBXFileReference section */

/* Begin PBXFrameworksBuildPhase section */
		F684855C28C52F75005ABF22 /* Frameworks */ = {
			isa = PBXFrameworksBuildPhase;
			buildActionMask = 2147483647;
			files = (
			);
			runOnlyForDeploymentPostprocessing = 0;
		};
/* End PBXFrameworksBuildPhase section */

/* Begin PBXGroup section */
		F684855628C52F75005ABF22 = {
			isa = PBXGroup;
			children = (
				F684856128C52F75005ABF22 /* apiQuates */,
				F684856028C52F75005ABF22 /* Products */,
			);
			sourceTree = "<group>";
		};
		F684856028C52F75005ABF22 /* Products */ = {
			isa = PBXGroup;
			children = (
				F684855F28C52F75005ABF22 /* apiQuates.app */,
			);
			name = Products;
			sourceTree = "<group>";
		};
		F684856128C52F75005ABF22 /* apiQuates */ = {
			isa = PBXGroup;
			children = (
				F684856228C52F75005ABF22 /* AppDelegate.swift */,
				F684856428C52F75005ABF22 /* SceneDelegate.swift */,
				F684856628C52F75005ABF22 /* ViewController.swift */,
				F684856828C52F75005ABF22 /* Main.storyboard */,
				F684856B28C52F76005ABF22 /* Assets.xcassets */,
				F684856D28C52F76005ABF22 /* LaunchScreen.storyboard */,
				F684857028C52F76005ABF22 /* Info.plist */,
				F684857628C5D901005ABF22 /* postRequest.swift */,
				F684857828C5DF18005ABF22 /* postAPITest.swift */,
				F684857A28C60DDF005ABF22 /* userResponse.swift */,
				F684857C28C61325005ABF22 /* getSunriseSunset.swift */,
				F684857E28C61BA3005ABF22 /* postUserToken.swift */,
				F684858028C62A3E005ABF22 /* getUserInfo.swift */,
			);
			path = apiQuates;
			sourceTree = "<group>";
		};
/* End PBXGroup section */

/* Begin PBXNativeTarget section */
		F684855E28C52F75005ABF22 /* apiQuates */ = {
			isa = PBXNativeTarget;
			buildConfigurationList = F684857328C52F76005ABF22 /* Build configuration list for PBXNativeTarget "apiQuates" */;
			buildPhases = (
				F684855B28C52F75005ABF22 /* Sources */,
				F684855C28C52F75005ABF22 /* Frameworks */,
				F684855D28C52F75005ABF22 /* Resources */,
			);
			buildRules = (
			);
			dependencies = (
			);
			name = apiQuates;
			productName = apiQuates;
			productReference = F684855F28C52F75005ABF22 /* apiQuates.app */;
			productType = "com.apple.product-type.application";
		};
/* End PBXNativeTarget section */

/* Begin PBXProject section */
		F684855728C52F75005ABF22 /* Project object */ = {
			isa = PBXProject;
			attributes = {
				BuildIndependentTargetsInParallel = 1;
				LastSwiftUpdateCheck = 1330;
				LastUpgradeCheck = 1330;
				TargetAttributes = {
					F684855E28C52F75005ABF22 = {
						CreatedOnToolsVersion = 13.3.1;
					};
				};
			};
			buildConfigurationList = F684855A28C52F75005ABF22 /* Build configuration list for PBXProject "apiQuates" */;
			compatibilityVersion = "Xcode 13.0";
			developmentRegion = en;
			hasScannedForEncodings = 0;
			knownRegions = (
				en,
				Base,
			);
			mainGroup = F684855628C52F75005ABF22;
			productRefGroup = F684856028C52F75005ABF22 /* Products */;
			projectDirPath = "";
			projectRoot = "";
			targets = (
				F684855E28C52F75005ABF22 /* apiQuates */,
			);
		};
/* End PBXProject section */

/* Begin PBXResourcesBuildPhase section */
		F684855D28C52F75005ABF22 /* Resources */ = {
			isa = PBXResourcesBuildPhase;
			buildActionMask = 2147483647;
			files = (
				F684856F28C52F76005ABF22 /* LaunchScreen.storyboard in Resources */,
				F684856C28C52F76005ABF22 /* Assets.xcassets in Resources */,
				F684856A28C52F75005ABF22 /* Main.storyboard in Resources */,
			);
			runOnlyForDeploymentPostprocessing = 0;
		};
/* End PBXResourcesBuildPhase section */

/* Begin PBXSourcesBuildPhase section */
		F684855B28C52F75005ABF22 /* Sources */ = {
			isa = PBXSourcesBuildPhase;
			buildActionMask = 2147483647;
			files = (
				F684856728C52F75005ABF22 /* ViewController.swift in Sources */,
				F684858128C62A3E005ABF22 /* getUserInfo.swift in Sources */,
				F684856328C52F75005ABF22 /* AppDelegate.swift in Sources */,
				F684857928C5DF18005ABF22 /* postAPITest.swift in Sources */,
				F684856528C52F75005ABF22 /* SceneDelegate.swift in Sources */,
				F684857F28C61BA3005ABF22 /* postUserToken.swift in Sources */,
				F684857728C5D901005ABF22 /* postRequest.swift in Sources */,
				F684857B28C60DDF005ABF22 /* userResponse.swift in Sources */,
				F684857D28C61325005ABF22 /* getSunriseSunset.swift in Sources */,
			);
			runOnlyForDeploymentPostprocessing = 0;
		};
/* End PBXSourcesBuildPhase section */

/* Begin PBXVariantGroup section */
		F684856828C52F75005ABF22 /* Main.storyboard */ = {
			isa = PBXVariantGroup;
			children = (
				F684856928C52F75005ABF22 /* Base */,
			);
			name = Main.storyboard;
			sourceTree = "<group>";
		};
		F684856D28C52F76005ABF22 /* LaunchScreen.storyboard */ = {
			isa = PBXVariantGroup;
			children = (
				F684856E28C52F76005ABF22 /* Base */,
			);
			name = LaunchScreen.storyboard;
			sourceTree = "<group>";
		};
/* End PBXVariantGroup section */

/* Begin XCBuildConfiguration section */
		F684857128C52F76005ABF22 /* Debug */ = {
			isa = XCBuildConfiguration;
			buildSettings = {
				ALWAYS_SEARCH_USER_PATHS = NO;
				CLANG_ANALYZER_NONNULL = YES;
				CLANG_ANALYZER_NUMBER_OBJECT_CONVERSION = YES_AGGRESSIVE;
				CLANG_CXX_LANGUAGE_STANDARD = "gnu++17";
				CLANG_ENABLE_MODULES = YES;
				CLANG_ENABLE_OBJC_ARC = YES;
				CLANG_ENABLE_OBJC_WEAK = YES;
				CLANG_WARN_BLOCK_CAPTURE_AUTORELEASING = YES;
				CLANG_WARN_BOOL_CONVERSION = YES;
				CLANG_WARN_COMMA = YES;
				CLANG_WARN_CONSTANT_CONVERSION = YES;
				CLANG_WARN_DEPRECATED_OBJC_IMPLEMENTATIONS = YES;
				CLANG_WARN_DIRECT_OBJC_ISA_USAGE = YES_ERROR;
				CLANG_WARN_DOCUMENTATION_COMMENTS = YES;
				CLANG_WARN_EMPTY_BODY = YES;
				CLANG_WARN_ENUM_CONVERSION = YES;
				CLANG_WARN_INFINITE_RECURSION = YES;
				CLANG_WARN_INT_CONVERSION = YES;
				CLANG_WARN_NON_LITERAL_NULL_CONVERSION = YES;
				CLANG_WARN_OBJC_IMPLICIT_RETAIN_SELF = YES;
				CLANG_WARN_OBJC_LITERAL_CONVERSION = YES;
				CLANG_WARN_OBJC_ROOT_CLASS = YES_ERROR;
				CLANG_WARN_QUOTED_INCLUDE_IN_FRAMEWORK_HEADER = YES;
				CLANG_WARN_RANGE_LOOP_ANALYSIS = YES;
				CLANG_WARN_STRICT_PROTOTYPES = YES;
				CLANG_WARN_SUSPICIOUS_MOVE = YES;
				CLANG_WARN_UNGUARDED_AVAILABILITY = YES_AGGRESSIVE;
				CLANG_WARN_UNREACHABLE_CODE = YES;
				CLANG_WARN__DUPLICATE_METHOD_MATCH = YES;
				COPY_PHASE_STRIP = NO;
				DEBUG_INFORMATION_FORMAT = dwarf;
				ENABLE_STRICT_OBJC_MSGSEND = YES;
				ENABLE_TESTABILITY = YES;
				GCC_C_LANGUAGE_STANDARD = gnu11;
				GCC_DYNAMIC_NO_PIC = NO;
				GCC_NO_COMMON_BLOCKS = YES;
				GCC_OPTIMIZATION_LEVEL = 0;
				GCC_PREPROCESSOR_DEFINITIONS = (
					"DEBUG=1",
					"$(inherited)",
				);
				GCC_WARN_64_TO_32_BIT_CONVERSION = YES;
				GCC_WARN_ABOUT_RETURN_TYPE = YES_ERROR;
				GCC_WARN_UNDECLARED_SELECTOR = YES;
				GCC_WARN_UNINITIALIZED_AUTOS = YES_AGGRESSIVE;
				GCC_WARN_UNUSED_FUNCTION = YES;
				GCC_WARN_UNUSED_VARIABLE = YES;
				IPHONEOS_DEPLOYMENT_TARGET = 15.4;
				MTL_ENABLE_DEBUG_INFO = INCLUDE_SOURCE;
				MTL_FAST_MATH = YES;
				ONLY_ACTIVE_ARCH = YES;
				SDKROOT = iphoneos;
				SWIFT_ACTIVE_COMPILATION_CONDITIONS = DEBUG;
				SWIFT_OPTIMIZATION_LEVEL = "-Onone";
			};
			name = Debug;
		};
		F684857228C52F76005ABF22 /* Release */ = {
			isa = XCBuildConfiguration;
			buildSettings = {
				ALWAYS_SEARCH_USER_PATHS = NO;
				CLANG_ANALYZER_NONNULL = YES;
				CLANG_ANALYZER_NUMBER_OBJECT_CONVERSION = YES_AGGRESSIVE;
				CLANG_CXX_LANGUAGE_STANDARD = "gnu++17";
				CLANG_ENABLE_MODULES = YES;
				CLANG_ENABLE_OBJC_ARC = YES;
				CLANG_ENABLE_OBJC_WEAK = YES;
				CLANG_WARN_BLOCK_CAPTURE_AUTORELEASING = YES;
				CLANG_WARN_BOOL_CONVERSION = YES;
				CLANG_WARN_COMMA = YES;
				CLANG_WARN_CONSTANT_CONVERSION = YES;
				CLANG_WARN_DEPRECATED_OBJC_IMPLEMENTATIONS = YES;
				CLANG_WARN_DIRECT_OBJC_ISA_USAGE = YES_ERROR;
				CLANG_WARN_DOCUMENTATION_COMMENTS = YES;
				CLANG_WARN_EMPTY_BODY = YES;
				CLANG_WARN_ENUM_CONVERSION = YES;
				CLANG_WARN_INFINITE_RECURSION = YES;
				CLANG_WARN_INT_CONVERSION = YES;
				CLANG_WARN_NON_LITERAL_NULL_CONVERSION = YES;
				CLANG_WARN_OBJC_IMPLICIT_RETAIN_SELF = YES;
				CLANG_WARN_OBJC_LITERAL_CONVERSION = YES;
				CLANG_WARN_OBJC_ROOT_CLASS = YES_ERROR;
				CLANG_WARN_QUOTED_INCLUDE_IN_FRAMEWORK_HEADER = YES;
				CLANG_WARN_RANGE_LOOP_ANALYSIS = YES;
				CLANG_WARN_STRICT_PROTOTYPES = YES;
				CLANG_WARN_SUSPICIOUS_MOVE = YES;
				CLANG_WARN_UNGUARDED_AVAILABILITY = YES_AGGRESSIVE;
				CLANG_WARN_UNREACHABLE_CODE = YES;
				CLANG_WARN__DUPLICATE_METHOD_MATCH = YES;
				COPY_PHASE_STRIP = NO;
				DEBUG_INFORMATION_FORMAT = "dwarf-with-dsym";
				ENABLE_NS_ASSERTIONS = NO;
				ENABLE_STRICT_OBJC_MSGSEND = YES;
				GCC_C_LANGUAGE_STANDARD = gnu11;
				GCC_NO_COMMON_BLOCKS = YES;
				GCC_WARN_64_TO_32_BIT_CONVERSION = YES;
				GCC_WARN_ABOUT_RETURN_TYPE = YES_ERROR;
				GCC_WARN_UNDECLARED_SELECTOR = YES;
				GCC_WARN_UNINITIALIZED_AUTOS = YES_AGGRESSIVE;
				GCC_WARN_UNUSED_FUNCTION = YES;
				GCC_WARN_UNUSED_VARIABLE = YES;
				IPHONEOS_DEPLOYMENT_TARGET = 15.4;
				MTL_ENABLE_DEBUG_INFO = NO;
				MTL_FAST_MATH = YES;
				SDKROOT = iphoneos;
				SWIFT_COMPILATION_MODE = wholemodule;
				SWIFT_OPTIMIZATION_LEVEL = "-O";
				VALIDATE_PRODUCT = YES;
			};
			name = Release;
		};
		F684857428C52F76005ABF22 /* Debug */ = {
			isa = XCBuildConfiguration;
			buildSettings = {
				ASSETCATALOG_COMPILER_APPICON_NAME = AppIcon;
				ASSETCATALOG_COMPILER_GLOBAL_ACCENT_COLOR_NAME = AccentColor;
				CODE_SIGN_STYLE = Automatic;
				CURRENT_PROJECT_VERSION = 1;
				DEVELOPMENT_TEAM = R7KP5757Z8;
				GENERATE_INFOPLIST_FILE = YES;
				INFOPLIST_FILE = apiQuates/Info.plist;
				INFOPLIST_KEY_UIApplicationSupportsIndirectInputEvents = YES;
				INFOPLIST_KEY_UILaunchStoryboardName = LaunchScreen;
				INFOPLIST_KEY_UIMainStoryboardFile = Main;
				INFOPLIST_KEY_UISupportedInterfaceOrientations_iPad = "UIInterfaceOrientationPortrait UIInterfaceOrientationPortraitUpsideDown UIInterfaceOrientationLandscapeLeft UIInterfaceOrientationLandscapeRight";
				INFOPLIST_KEY_UISupportedInterfaceOrientations_iPhone = "UIInterfaceOrientationPortrait UIInterfaceOrientationLandscapeLeft UIInterfaceOrientationLandscapeRight";
				LD_RUNPATH_SEARCH_PATHS = (
					"$(inherited)",
					"@executable_path/Frameworks",
				);
				MARKETING_VERSION = 1.0;
				PRODUCT_BUNDLE_IDENTIFIER = com.omercelikel.apiQuates;
				PRODUCT_NAME = "$(TARGET_NAME)";
				SWIFT_EMIT_LOC_STRINGS = YES;
				SWIFT_VERSION = 5.0;
				TARGETED_DEVICE_FAMILY = "1,2";
			};
			name = Debug;
		};
		F684857528C52F76005ABF22 /* Release */ = {
			isa = XCBuildConfiguration;
			buildSettings = {
				ASSETCATALOG_COMPILER_APPICON_NAME = AppIcon;
				ASSETCATALOG_COMPILER_GLOBAL_ACCENT_COLOR_NAME = AccentColor;
				CODE_SIGN_STYLE = Automatic;
				CURRENT_PROJECT_VERSION = 1;
				DEVELOPMENT_TEAM = R7KP5757Z8;
				GENERATE_INFOPLIST_FILE = YES;
				INFOPLIST_FILE = apiQuates/Info.plist;
				INFOPLIST_KEY_UIApplicationSupportsIndirectInputEvents = YES;
				INFOPLIST_KEY_UILaunchStoryboardName = LaunchScreen;
				INFOPLIST_KEY_UIMainStoryboardFile = Main;
				INFOPLIST_KEY_UISupportedInterfaceOrientations_iPad = "UIInterfaceOrientationPortrait UIInterfaceOrientationPortraitUpsideDown UIInterfaceOrientationLandscapeLeft UIInterfaceOrientationLandscapeRight";
				INFOPLIST_KEY_UISupportedInterfaceOrientations_iPhone = "UIInterfaceOrientationPortrait UIInterfaceOrientationLandscapeLeft UIInterfaceOrientationLandscapeRight";
				LD_RUNPATH_SEARCH_PATHS = (
					"$(inherited)",
					"@executable_path/Frameworks",
				);
				MARKETING_VERSION = 1.0;
				PRODUCT_BUNDLE_IDENTIFIER = com.omercelikel.apiQuates;
				PRODUCT_NAME = "$(TARGET_NAME)";
				SWIFT_EMIT_LOC_STRINGS = YES;
				SWIFT_VERSION = 5.0;
				TARGETED_DEVICE_FAMILY = "1,2";
			};
			name = Release;
		};
/* End XCBuildConfiguration section */

/* Begin XCConfigurationList section */
		F684855A28C52F75005ABF22 /* Build configuration list for PBXProject "apiQuates" */ = {
			isa = XCConfigurationList;
			buildConfigurations = (
				F684857128C52F76005ABF22 /* Debug */,
				F684857228C52F76005ABF22 /* Release */,
			);
			defaultConfigurationIsVisible = 0;
			defaultConfigurationName = Release;
		};
		F684857328C52F76005ABF22 /* Build configuration list for PBXNativeTarget "apiQuates" */ = {
			isa = XCConfigurationList;
			buildConfigurations = (
				F684857428C52F76005ABF22 /* Debug */,
				F684857528C52F76005ABF22 /* Release */,
			);
			defaultConfigurationIsVisible = 0;
			defaultConfigurationName = Release;
		};
/* End XCConfigurationList section */
	};
	rootObject = F684855728C52F75005ABF22 /* Project object */;
}
